lockfileVersion: '6.0'

devDependencies:
  '@aws-sdk/client-ec2':
    specifier: ^3.332.0
    version: 3.332.0
  '@types/fs-extra':
    specifier: ^11.0.1
    version: 11.0.1
  '@types/node':
    specifier: ^18.14.4
    version: 18.14.4
  dotenv:
    specifier: ^16.0.3
    version: 16.0.3
  fs-extra:
    specifier: ^11.1.0
    version: 11.1.0
  ts-node:
    specifier: ^10.9.1
    version: 10.9.1(@types/node@18.14.4)(typescript@4.9.5)
  typescript:
    specifier: ^4.9.5
    version: 4.9.5

packages:

  /@aws-crypto/ie11-detection@3.0.0:
    resolution: {integrity: sha512-341lBBkiY1DfDNKai/wXM3aujNBkXR7tq1URPQDL9wi3AUbI80NR74uF1TXHMm7po1AcnFk8iu2S2IeU/+/A+Q==}
    dependencies:
      tslib: 1.14.1
    dev: true

  /@aws-crypto/sha256-browser@3.0.0:
    resolution: {integrity: sha512-8VLmW2B+gjFbU5uMeqtQM6Nj0/F1bro80xQXCW6CQBWgosFWXTx77aeOF5CAIAmbOK64SdMBJdNr6J41yP5mvQ==}
    dependencies:
      '@aws-crypto/ie11-detection': 3.0.0
      '@aws-crypto/sha256-js': 3.0.0
      '@aws-crypto/supports-web-crypto': 3.0.0
      '@aws-crypto/util': 3.0.0
      '@aws-sdk/types': 3.329.0
      '@aws-sdk/util-locate-window': 3.310.0
      '@aws-sdk/util-utf8-browser': 3.259.0
      tslib: 1.14.1
    dev: true

  /@aws-crypto/sha256-js@3.0.0:
    resolution: {integrity: sha512-PnNN7os0+yd1XvXAy23CFOmTbMaDxgxXtTKHybrJ39Y8kGzBATgBFibWJKH6BhytLI/Zyszs87xCOBNyBig6vQ==}
    dependencies:
      '@aws-crypto/util': 3.0.0
      '@aws-sdk/types': 3.329.0
      tslib: 1.14.1
    dev: true

  /@aws-crypto/supports-web-crypto@3.0.0:
    resolution: {integrity: sha512-06hBdMwUAb2WFTuGG73LSC0wfPu93xWwo5vL2et9eymgmu3Id5vFAHBbajVWiGhPO37qcsdCap/FqXvJGJWPIg==}
    dependencies:
      tslib: 1.14.1
    dev: true

  /@aws-crypto/util@3.0.0:
    resolution: {integrity: sha512-2OJlpeJpCR48CC8r+uKVChzs9Iungj9wkZrl8Z041DWEWvyIHILYKCPNzJghKsivj+S3mLo6BVc7mBNzdxA46w==}
    dependencies:
      '@aws-sdk/types': 3.329.0
      '@aws-sdk/util-utf8-browser': 3.259.0
      tslib: 1.14.1
    dev: true

  /@aws-sdk/abort-controller@3.329.0:
    resolution: {integrity: sha512-hzrjPNQcJoSPe0oS20V5i98oiEZSM3mKNiR6P3xHTHTPI/F23lyjGZ+/CSkCmJbSWfGZ5sHZZcU6AWuS7xBdTw==}
    engines: {node: '>=14.0.0'}
    dependencies:
      '@aws-sdk/types': 3.329.0
      tslib: 2.5.0
    dev: true

  /@aws-sdk/client-ec2@3.332.0:
    resolution: {integrity: sha512-CKKzcxrFN3/yAw6rTG4/WUUxewTw8Yo08SN7T97uXVjqomoCn7ikqRtjESDFD7bsoELCJCDzH/ofJVkm2wnQjQ==}
    engines: {node: '>=14.0.0'}
    dependencies:
      '@aws-crypto/sha256-browser': 3.0.0
      '@aws-crypto/sha256-js': 3.0.0
      '@aws-sdk/client-sts': 3.332.0
      '@aws-sdk/config-resolver': 3.329.0
      '@aws-sdk/credential-provider-node': 3.332.0
      '@aws-sdk/fetch-http-handler': 3.329.0
      '@aws-sdk/hash-node': 3.329.0
      '@aws-sdk/invalid-dependency': 3.329.0
      '@aws-sdk/middleware-content-length': 3.329.0
      '@aws-sdk/middleware-endpoint': 3.329.0
      '@aws-sdk/middleware-host-header': 3.329.0
      '@aws-sdk/middleware-logger': 3.329.0
      '@aws-sdk/middleware-recursion-detection': 3.329.0
      '@aws-sdk/middleware-retry': 3.329.0
      '@aws-sdk/middleware-sdk-ec2': 3.329.0
      '@aws-sdk/middleware-serde': 3.329.0
      '@aws-sdk/middleware-signing': 3.329.0
      '@aws-sdk/middleware-stack': 3.329.0
      '@aws-sdk/middleware-user-agent': 3.332.0
      '@aws-sdk/node-config-provider': 3.329.0
      '@aws-sdk/node-http-handler': 3.329.0
      '@aws-sdk/protocol-http': 3.329.0
      '@aws-sdk/smithy-client': 3.329.0
      '@aws-sdk/types': 3.329.0
      '@aws-sdk/url-parser': 3.329.0
      '@aws-sdk/util-base64': 3.310.0
      '@aws-sdk/util-body-length-browser': 3.310.0
      '@aws-sdk/util-body-length-node': 3.310.0
      '@aws-sdk/util-defaults-mode-browser': 3.329.0
      '@aws-sdk/util-defaults-mode-node': 3.329.0
      '@aws-sdk/util-endpoints': 3.332.0
      '@aws-sdk/util-retry': 3.329.0
      '@aws-sdk/util-user-agent-browser': 3.329.0
      '@aws-sdk/util-user-agent-node': 3.329.0
      '@aws-sdk/util-utf8': 3.310.0
      '@aws-sdk/util-waiter': 3.329.0
      fast-xml-parser: 4.1.2
      tslib: 2.5.0
      uuid: 8.3.2
    transitivePeerDependencies:
      - aws-crt
    dev: true

  /@aws-sdk/client-sso-oidc@3.332.0:
    resolution: {integrity: sha512-tz8k8Yqm4TScIfit0Tum2zWAq1md+gZKr747CSixd4Zwcp7Vwh75cRoL7Rz1ZHSEn1Yo983MWREevVez3SubLw==}
    engines: {node: '>=14.0.0'}
    dependencies:
      '@aws-crypto/sha256-browser': 3.0.0
      '@aws-crypto/sha256-js': 3.0.0
      '@aws-sdk/config-resolver': 3.329.0
      '@aws-sdk/fetch-http-handler': 3.329.0
      '@aws-sdk/hash-node': 3.329.0
      '@aws-sdk/invalid-dependency': 3.329.0
      '@aws-sdk/middleware-content-length': 3.329.0
      '@aws-sdk/middleware-endpoint': 3.329.0
      '@aws-sdk/middleware-host-header': 3.329.0
      '@aws-sdk/middleware-logger': 3.329.0
      '@aws-sdk/middleware-recursion-detection': 3.329.0
      '@aws-sdk/middleware-retry': 3.329.0
      '@aws-sdk/middleware-serde': 3.329.0
      '@aws-sdk/middleware-stack': 3.329.0
      '@aws-sdk/middleware-user-agent': 3.332.0
      '@aws-sdk/node-config-provider': 3.329.0
      '@aws-sdk/node-http-handler': 3.329.0
      '@aws-sdk/protocol-http': 3.329.0
      '@aws-sdk/smithy-client': 3.329.0
      '@aws-sdk/types': 3.329.0
      '@aws-sdk/url-parser': 3.329.0
      '@aws-sdk/util-base64': 3.310.0
      '@aws-sdk/util-body-length-browser': 3.310.0
      '@aws-sdk/util-body-length-node': 3.310.0
      '@aws-sdk/util-defaults-mode-browser': 3.329.0
      '@aws-sdk/util-defaults-mode-node': 3.329.0
      '@aws-sdk/util-endpoints': 3.332.0
      '@aws-sdk/util-retry': 3.329.0
      '@aws-sdk/util-user-agent-browser': 3.329.0
      '@aws-sdk/util-user-agent-node': 3.329.0
      '@aws-sdk/util-utf8': 3.310.0
      tslib: 2.5.0
    transitivePeerDependencies:
      - aws-crt
    dev: true

  /@aws-sdk/client-sso@3.332.0:
    resolution: {integrity: sha512-4q1Nko8M6YVANdEiLYvdv1qb00j4xN4ppE/6d4xpGp7DxHYlm0GA762h0/TR2dun+2I+SMnwj4Fv6BxOmzBaEw==}
    engines: {node: '>=14.0.0'}
    dependencies:
      '@aws-crypto/sha256-browser': 3.0.0
      '@aws-crypto/sha256-js': 3.0.0
      '@aws-sdk/config-resolver': 3.329.0
      '@aws-sdk/fetch-http-handler': 3.329.0
      '@aws-sdk/hash-node': 3.329.0
      '@aws-sdk/invalid-dependency': 3.329.0
      '@aws-sdk/middleware-content-length': 3.329.0
      '@aws-sdk/middleware-endpoint': 3.329.0
      '@aws-sdk/middleware-host-header': 3.329.0
      '@aws-sdk/middleware-logger': 3.329.0
      '@aws-sdk/middleware-recursion-detection': 3.329.0
      '@aws-sdk/middleware-retry': 3.329.0
      '@aws-sdk/middleware-serde': 3.329.0
      '@aws-sdk/middleware-stack': 3.329.0
      '@aws-sdk/middleware-user-agent': 3.332.0
      '@aws-sdk/node-config-provider': 3.329.0
      '@aws-sdk/node-http-handler': 3.329.0
      '@aws-sdk/protocol-http': 3.329.0
      '@aws-sdk/smithy-client': 3.329.0
      '@aws-sdk/types': 3.329.0
      '@aws-sdk/url-parser': 3.329.0
      '@aws-sdk/util-base64': 3.310.0
      '@aws-sdk/util-body-length-browser': 3.310.0
      '@aws-sdk/util-body-length-node': 3.310.0
      '@aws-sdk/util-defaults-mode-browser': 3.329.0
      '@aws-sdk/util-defaults-mode-node': 3.329.0
      '@aws-sdk/util-endpoints': 3.332.0
      '@aws-sdk/util-retry': 3.329.0
      '@aws-sdk/util-user-agent-browser': 3.329.0
      '@aws-sdk/util-user-agent-node': 3.329.0
      '@aws-sdk/util-utf8': 3.310.0
      tslib: 2.5.0
    transitivePeerDependencies:
      - aws-crt
    dev: true

  /@aws-sdk/client-sts@3.332.0:
    resolution: {integrity: sha512-uVobnXIzMcEhwBDyk6iOt36N/TRNI8hwq7MQugjYGj7Inma9g4vnR09hXJ24HxyKCoVUoIgMbEguQ43+/+uvDQ==}
    engines: {node: '>=14.0.0'}
    dependencies:
      '@aws-crypto/sha256-browser': 3.0.0
      '@aws-crypto/sha256-js': 3.0.0
      '@aws-sdk/config-resolver': 3.329.0
      '@aws-sdk/credential-provider-node': 3.332.0
      '@aws-sdk/fetch-http-handler': 3.329.0
      '@aws-sdk/hash-node': 3.329.0
      '@aws-sdk/invalid-dependency': 3.329.0
      '@aws-sdk/middleware-content-length': 3.329.0
      '@aws-sdk/middleware-endpoint': 3.329.0
      '@aws-sdk/middleware-host-header': 3.329.0
      '@aws-sdk/middleware-logger': 3.329.0
      '@aws-sdk/middleware-recursion-detection': 3.329.0
      '@aws-sdk/middleware-retry': 3.329.0
      '@aws-sdk/middleware-sdk-sts': 3.329.0
      '@aws-sdk/middleware-serde': 3.329.0
      '@aws-sdk/middleware-signing': 3.329.0
      '@aws-sdk/middleware-stack': 3.329.0
      '@aws-sdk/middleware-user-agent': 3.332.0
      '@aws-sdk/node-config-provider': 3.329.0
      '@aws-sdk/node-http-handler': 3.329.0
      '@aws-sdk/protocol-http': 3.329.0
      '@aws-sdk/smithy-client': 3.329.0
      '@aws-sdk/types': 3.329.0
      '@aws-sdk/url-parser': 3.329.0
      '@aws-sdk/util-base64': 3.310.0
      '@aws-sdk/util-body-length-browser': 3.310.0
      '@aws-sdk/util-body-length-node': 3.310.0
      '@aws-sdk/util-defaults-mode-browser': 3.329.0
      '@aws-sdk/util-defaults-mode-node': 3.329.0
      '@aws-sdk/util-endpoints': 3.332.0
      '@aws-sdk/util-retry': 3.329.0
      '@aws-sdk/util-user-agent-browser': 3.329.0
      '@aws-sdk/util-user-agent-node': 3.329.0
      '@aws-sdk/util-utf8': 3.310.0
      fast-xml-parser: 4.1.2
      tslib: 2.5.0
    transitivePeerDependencies:
      - aws-crt
    dev: true

  /@aws-sdk/config-resolver@3.329.0:
    resolution: {integrity: sha512-Oj6eiT3q+Jn685yvUrfRi8PhB3fb81hasJqdrsEivA8IP8qAgnVUTJzXsh8O2UX8UM2MF6A1gTgToSgneJuw2Q==}
    engines: {node: '>=14.0.0'}
    dependencies:
      '@aws-sdk/types': 3.329.0
      '@aws-sdk/util-config-provider': 3.310.0
      '@aws-sdk/util-middleware': 3.329.0
      tslib: 2.5.0
    dev: true

  /@aws-sdk/credential-provider-env@3.329.0:
    resolution: {integrity: sha512-B4orC9hMt9hG82vAR0TAnQqjk6cFDbO2S14RdzUj2n2NPlGWW4Blkv3NTo86K0lq011VRhtqaLcuTwn5EJD5Sg==}
    engines: {node: '>=14.0.0'}
    dependencies:
      '@aws-sdk/property-provider': 3.329.0
      '@aws-sdk/types': 3.329.0
      tslib: 2.5.0
    dev: true

  /@aws-sdk/credential-provider-imds@3.329.0:
    resolution: {integrity: sha512-ggPlnd7QROPTid0CwT01TYYGvstRRTpzTGsQ/B31wkh30IrRXE81W3S4xrOYuqQD3u0RnflSxnvhs+EayJEYjg==}
    engines: {node: '>=14.0.0'}
    dependencies:
      '@aws-sdk/node-config-provider': 3.329.0
      '@aws-sdk/property-provider': 3.329.0
      '@aws-sdk/types': 3.329.0
      '@aws-sdk/url-parser': 3.329.0
      tslib: 2.5.0
    dev: true

  /@aws-sdk/credential-provider-ini@3.332.0:
    resolution: {integrity: sha512-DTW6d6rcqizPVyvcIrwvxecQ7e5GONtVc5Wyf0RTfqf41sDOVZYmn6G+zEFSpBLW0975uZbJS0lyLWtJe2VujQ==}
    engines: {node: '>=14.0.0'}
    dependencies:
      '@aws-sdk/credential-provider-env': 3.329.0
      '@aws-sdk/credential-provider-imds': 3.329.0
      '@aws-sdk/credential-provider-process': 3.329.0
      '@aws-sdk/credential-provider-sso': 3.332.0
      '@aws-sdk/credential-provider-web-identity': 3.329.0
      '@aws-sdk/property-provider': 3.329.0
      '@aws-sdk/shared-ini-file-loader': 3.329.0
      '@aws-sdk/types': 3.329.0
      tslib: 2.5.0
    transitivePeerDependencies:
      - aws-crt
    dev: true

  /@aws-sdk/credential-provider-node@3.332.0:
    resolution: {integrity: sha512-KkBayS9k4WyJTvC86ngeRM+RmWxNCS1BHvudkR6PLXfnsNPDzxySDVY0UgxVhbNYDYsO561fXZt9ccpKyVWjgg==}
    engines: {node: '>=14.0.0'}
    dependencies:
      '@aws-sdk/credential-provider-env': 3.329.0
      '@aws-sdk/credential-provider-imds': 3.329.0
      '@aws-sdk/credential-provider-ini': 3.332.0
      '@aws-sdk/credential-provider-process': 3.329.0
      '@aws-sdk/credential-provider-sso': 3.332.0
      '@aws-sdk/credential-provider-web-identity': 3.329.0
      '@aws-sdk/property-provider': 3.329.0
      '@aws-sdk/shared-ini-file-loader': 3.329.0
      '@aws-sdk/types': 3.329.0
      tslib: 2.5.0
    transitivePeerDependencies:
      - aws-crt
    dev: true

  /@aws-sdk/credential-provider-process@3.329.0:
    resolution: {integrity: sha512-5oO220qoFc2pMdZDQa6XN/mVhp669I3+LqMbbscGtX/UgLJPSOb7YzPld9Wjv12L5rf+sD3G1PF3LZXO0vKLFA==}
    engines: {node: '>=14.0.0'}
    dependencies:
      '@aws-sdk/property-provider': 3.329.0
      '@aws-sdk/shared-ini-file-loader': 3.329.0
      '@aws-sdk/types': 3.329.0
      tslib: 2.5.0
    dev: true

  /@aws-sdk/credential-provider-sso@3.332.0:
    resolution: {integrity: sha512-SaKXl48af3n6LRitcaEqbeg1YDXwQ0A5QziC1xQyYPraEIj3IZ/GyTjx04Lo2jxNYHuEOE8u4aTw1+IK1GDKbg==}
    engines: {node: '>=14.0.0'}
    dependencies:
      '@aws-sdk/client-sso': 3.332.0
      '@aws-sdk/property-provider': 3.329.0
      '@aws-sdk/shared-ini-file-loader': 3.329.0
      '@aws-sdk/token-providers': 3.332.0
      '@aws-sdk/types': 3.329.0
      tslib: 2.5.0
    transitivePeerDependencies:
      - aws-crt
    dev: true

  /@aws-sdk/credential-provider-web-identity@3.329.0:
    resolution: {integrity: sha512-lcEibZD7AlutCacpQ6DyNUqElZJDq+ylaIo5a8MH9jGh7Pg2WpDg0Sy+B6FbGCkVn4eIjdHxeX54JM245nhESg==}
    engines: {node: '>=14.0.0'}
    dependencies:
      '@aws-sdk/property-provider': 3.329.0
      '@aws-sdk/types': 3.329.0
      tslib: 2.5.0
    dev: true

  /@aws-sdk/fetch-http-handler@3.329.0:
    resolution: {integrity: sha512-9jfIeJhYCcTX4ScXOueRTB3S/tVce0bRsKxKDP0PnTxnGYOwKXoM9lAPmiYItzYmQ/+QzjTI8xfkA9Usz2SK/Q==}
    dependencies:
      '@aws-sdk/protocol-http': 3.329.0
      '@aws-sdk/querystring-builder': 3.329.0
      '@aws-sdk/types': 3.329.0
      '@aws-sdk/util-base64': 3.310.0
      tslib: 2.5.0
    dev: true

  /@aws-sdk/hash-node@3.329.0:
    resolution: {integrity: sha512-6RmnWXNWpi7yAs0oRDQlkMn2wfXOStr/8kTCgiAiqrk1KopGSBkC2veKiKRSfv02FTd1yV/ISqYNIRqW1VLyxg==}
    engines: {node: '>=14.0.0'}
    dependencies:
      '@aws-sdk/types': 3.329.0
      '@aws-sdk/util-buffer-from': 3.310.0
      '@aws-sdk/util-utf8': 3.310.0
      tslib: 2.5.0
    dev: true

  /@aws-sdk/invalid-dependency@3.329.0:
    resolution: {integrity: sha512-UXynGusDxN/HxLma5ByJ7u+XnuMd47NbHOjJgYsaAjb1CVZT7hEPXOB+mcZ+Ku7To5SCOKu2QbRn7m4bGespBg==}
    dependencies:
      '@aws-sdk/types': 3.329.0
      tslib: 2.5.0
    dev: true

  /@aws-sdk/is-array-buffer@3.310.0:
    resolution: {integrity: sha512-urnbcCR+h9NWUnmOtet/s4ghvzsidFmspfhYaHAmSRdy9yDjdjBJMFjjsn85A1ODUktztm+cVncXjQ38WCMjMQ==}
    engines: {node: '>=14.0.0'}
    dependencies:
      tslib: 2.5.0
    dev: true

  /@aws-sdk/middleware-content-length@3.329.0:
    resolution: {integrity: sha512-7kCd+CvY/4KbyXB0uyL7jCwPjMi2yERMALFdEH9dsUciwmxIQT6eSc4aF6wImC4UrbafaqmXvvHErABKMVBTKA==}
    engines: {node: '>=14.0.0'}
    dependencies:
      '@aws-sdk/protocol-http': 3.329.0
      '@aws-sdk/types': 3.329.0
      tslib: 2.5.0
    dev: true

  /@aws-sdk/middleware-endpoint@3.329.0:
    resolution: {integrity: sha512-hdJRoNdCM0BT4W+rrtee+kfFRgGPGXQDgtbIQlf/FuuuYz2sdef7/SYWr0mxuncnVBW5WkYSPP8h6q07whSKbg==}
    engines: {node: '>=14.0.0'}
    dependencies:
      '@aws-sdk/middleware-serde': 3.329.0
      '@aws-sdk/types': 3.329.0
      '@aws-sdk/url-parser': 3.329.0
      '@aws-sdk/util-middleware': 3.329.0
      tslib: 2.5.0
    dev: true

  /@aws-sdk/middleware-host-header@3.329.0:
    resolution: {integrity: sha512-JrHeUdTIpTCfXDo9JpbAbZTS1x4mt63CCytJRq0mpWp+FlP9hjckBcNxWdR/wSKEzP9pDRnTri638BOwWH7O8w==}
    engines: {node: '>=14.0.0'}
    dependencies:
      '@aws-sdk/protocol-http': 3.329.0
      '@aws-sdk/types': 3.329.0
      tslib: 2.5.0
    dev: true

  /@aws-sdk/middleware-logger@3.329.0:
    resolution: {integrity: sha512-lKeeTXsYC1NiwmxrXsZepcwNXPoQxTNNbeD1qaCELPGK2cJlrGoeAP2YRWzpwO2kNZWrDLaGAPT/EUEhqw+d1w==}
    engines: {node: '>=14.0.0'}
    dependencies:
      '@aws-sdk/types': 3.329.0
      tslib: 2.5.0
    dev: true

  /@aws-sdk/middleware-recursion-detection@3.329.0:
    resolution: {integrity: sha512-0/TYOJwrj1Z8s+Y7thibD23hggBq/K/01NwPk32CwWG/G+1vWozs5DefknEl++w0vuV+39pkY4KHI8m/+wOCpg==}
    engines: {node: '>=14.0.0'}
    dependencies:
      '@aws-sdk/protocol-http': 3.329.0
      '@aws-sdk/types': 3.329.0
      tslib: 2.5.0
    dev: true

  /@aws-sdk/middleware-retry@3.329.0:
    resolution: {integrity: sha512-cB3D7GlhHUcHGOlygOYxD9cPhwsTYEAMcohK38An8+RHNp6VQEWezzLFCmHVKUSeCQ+wkjZfPA40jOG0rbjSgQ==}
    engines: {node: '>=14.0.0'}
    dependencies:
      '@aws-sdk/protocol-http': 3.329.0
      '@aws-sdk/service-error-classification': 3.329.0
      '@aws-sdk/types': 3.329.0
      '@aws-sdk/util-middleware': 3.329.0
      '@aws-sdk/util-retry': 3.329.0
      tslib: 2.5.0
      uuid: 8.3.2
    dev: true

  /@aws-sdk/middleware-sdk-ec2@3.329.0:
    resolution: {integrity: sha512-V0AAfaNIFz1cLVayLGp+9KjoaIjnAgLd4y6yZKy6M5g6pCpxPKB9hfFjepgpX35xfFnaChS7UqBEUd/PbegcUA==}
    engines: {node: '>=14.0.0'}
    dependencies:
      '@aws-sdk/middleware-endpoint': 3.329.0
      '@aws-sdk/protocol-http': 3.329.0
      '@aws-sdk/signature-v4': 3.329.0
      '@aws-sdk/smithy-client': 3.329.0
      '@aws-sdk/types': 3.329.0
      '@aws-sdk/util-format-url': 3.329.0
      tslib: 2.5.0
    dev: true

  /@aws-sdk/middleware-sdk-sts@3.329.0:
    resolution: {integrity: sha512-bqtZuhkH8pANb2Gb4FEM1p27o+BoDBmVhEWm8sWH+APsyOor3jc6eUG2GxkfoO6D5tGNIuyCC/GuvW9XDIe4Kg==}
    engines: {node: '>=14.0.0'}
    dependencies:
      '@aws-sdk/middleware-signing': 3.329.0
      '@aws-sdk/types': 3.329.0
      tslib: 2.5.0
    dev: true

  /@aws-sdk/middleware-serde@3.329.0:
    resolution: {integrity: sha512-tvM9NdPuRPCozPjTGNOeYZeLlyx3BcEyajrkRorCRf1YzG/mXdB6I1stote7i4q1doFtYTz0sYL8bqW3LUPn9A==}
    engines: {node: '>=14.0.0'}
    dependencies:
      '@aws-sdk/types': 3.329.0
      tslib: 2.5.0
    dev: true

  /@aws-sdk/middleware-signing@3.329.0:
    resolution: {integrity: sha512-bL1nI+EUcF5B1ipwDXxiKL+Uw02Mbt/TNX54PbzunBGZIyO6DZG/H+M3U296bYbvPlwlZhp26O830g6K7VEWsA==}
    engines: {node: '>=14.0.0'}
    dependencies:
      '@aws-sdk/property-provider': 3.329.0
      '@aws-sdk/protocol-http': 3.329.0
      '@aws-sdk/signature-v4': 3.329.0
      '@aws-sdk/types': 3.329.0
      '@aws-sdk/util-middleware': 3.329.0
      tslib: 2.5.0
    dev: true

  /@aws-sdk/middleware-stack@3.329.0:
    resolution: {integrity: sha512-2huFLhJ45td2nuiIOjpc9JKJbFNn5CYmw9U8YDITTcydpteRN62CzCpeqroDvF89VOLWxh0ZFtuLCGUr7liSWQ==}
    engines: {node: '>=14.0.0'}
    dependencies:
      tslib: 2.5.0
    dev: true

  /@aws-sdk/middleware-user-agent@3.332.0:
    resolution: {integrity: sha512-rSL1xP4QmcMOsunN1p5ZDR9GT3vvoSCnYa4iPvMSjP8Jx7l4ff/aVctwfZkMs/up12+68Jqwj4TvtaCvCFXdUA==}
    engines: {node: '>=14.0.0'}
    dependencies:
      '@aws-sdk/protocol-http': 3.329.0
      '@aws-sdk/types': 3.329.0
      '@aws-sdk/util-endpoints': 3.332.0
      tslib: 2.5.0
    dev: true

  /@aws-sdk/node-config-provider@3.329.0:
    resolution: {integrity: sha512-hg9rGNlkzh8aeR/sQbijrkFx2BIO53j4Z6qDxPNWwSGpl05jri1VHxHx2HZMwgbY6Zy/DSguETN/BL8vdFqyLg==}
    engines: {node: '>=14.0.0'}
    dependencies:
      '@aws-sdk/property-provider': 3.329.0
      '@aws-sdk/shared-ini-file-loader': 3.329.0
      '@aws-sdk/types': 3.329.0
      tslib: 2.5.0
    dev: true

  /@aws-sdk/node-http-handler@3.329.0:
    resolution: {integrity: sha512-OrjaHjU2ZTPfoHa5DruRvTIbeHH/cc0wvh4ml+FwDpWaPaBpOhLiluhZ3anqX1l5QjrXNiQnL8FxSM5OV/zVCA==}
    engines: {node: '>=14.0.0'}
    dependencies:
      '@aws-sdk/abort-controller': 3.329.0
      '@aws-sdk/protocol-http': 3.329.0
      '@aws-sdk/querystring-builder': 3.329.0
      '@aws-sdk/types': 3.329.0
      tslib: 2.5.0
    dev: true

  /@aws-sdk/property-provider@3.329.0:
    resolution: {integrity: sha512-1cHLTV6yyMGaMSWWDW/p4vTkJ1cc5BOEO+A0eHuAcoSOk+LDe9IKhUG3/ZOvvYKQYcqIj5jjGSni/noXNCl/qw==}
    engines: {node: '>=14.0.0'}
    dependencies:
      '@aws-sdk/types': 3.329.0
      tslib: 2.5.0
    dev: true

  /@aws-sdk/protocol-http@3.329.0:
    resolution: {integrity: sha512-0rLEHY6QTHTUUcVxzGbPUSmCKlXWplxT/fcYRh0bcc5MBK4naKfcQft1O6Ajp8uqs/9YPZ7XCVCn90pDeJfeaw==}
    engines: {node: '>=14.0.0'}
    dependencies:
      '@aws-sdk/types': 3.329.0
      tslib: 2.5.0
    dev: true

  /@aws-sdk/querystring-builder@3.329.0:
    resolution: {integrity: sha512-UWgMKkS5trliaDJG4nPv3onu8Y0aBuwRo7RdIgggguOiU8pU6pq1I113nH2FBNWy+Me1bwf+bcviJh0pCo6bEg==}
    engines: {node: '>=14.0.0'}
    dependencies:
      '@aws-sdk/types': 3.329.0
      '@aws-sdk/util-uri-escape': 3.310.0
      tslib: 2.5.0
    dev: true

  /@aws-sdk/querystring-parser@3.329.0:
    resolution: {integrity: sha512-9mkK+FB7snJ2G7H3CqtprDwYIRhzm6jEezffCwUWrC+lbqHBbErbhE9IeU/MKxILmf0RbC2riXEY1MHGspjRrQ==}
    engines: {node: '>=14.0.0'}
    dependencies:
      '@aws-sdk/types': 3.329.0
      tslib: 2.5.0
    dev: true

  /@aws-sdk/service-error-classification@3.329.0:
    resolution: {integrity: sha512-TSNr0flOcCLe71aPp7MjblKNGsmxpTU4xR5772MDX9Cz9GUTNZCPFtvrcqd+wzEPP/AC7XwNXe8KjoXooZImUQ==}
    engines: {node: '>=14.0.0'}
    dev: true

  /@aws-sdk/shared-ini-file-loader@3.329.0:
    resolution: {integrity: sha512-e0hyd75fbjMd4aCoRwpP2/HR+0oScwogErVArIkq3F42c/hyNCQP3sph4JImuXIjuo6HNnpKpf20CEPPhNna8A==}
    engines: {node: '>=14.0.0'}
    dependencies:
      '@aws-sdk/types': 3.329.0
      tslib: 2.5.0
    dev: true

  /@aws-sdk/signature-v4@3.329.0:
    resolution: {integrity: sha512-9EnLoyOD5nFtCRAp+QRllDgQASCfY7jLHVhwht7jzwE80wE65Z9Ym5Z/mwTd4IyTz/xXfCvcE2VwClsBt0Ybdw==}
    engines: {node: '>=14.0.0'}
    dependencies:
      '@aws-sdk/is-array-buffer': 3.310.0
      '@aws-sdk/types': 3.329.0
      '@aws-sdk/util-hex-encoding': 3.310.0
      '@aws-sdk/util-middleware': 3.329.0
      '@aws-sdk/util-uri-escape': 3.310.0
      '@aws-sdk/util-utf8': 3.310.0
      tslib: 2.5.0
    dev: true

  /@aws-sdk/smithy-client@3.329.0:
    resolution: {integrity: sha512-7E0fGpBKxwFqHHAOqNbgNsHSEmCZLuvmU9yvG9DXKVzrS4P48O/PfOro123WpcFZs3STyOVgH8wjUPftHAVKmg==}
    engines: {node: '>=14.0.0'}
    dependencies:
      '@aws-sdk/middleware-stack': 3.329.0
      '@aws-sdk/types': 3.329.0
      tslib: 2.5.0
    dev: true

  /@aws-sdk/token-providers@3.332.0:
    resolution: {integrity: sha512-fccbg6OSl0l658pxl2p1MoU9gEePo5B361+JNaN0zfRMu7c5HBXCpdl4djlFxAHjltrX9f1+BKqfGHYgI3h8SQ==}
    engines: {node: '>=14.0.0'}
    dependencies:
      '@aws-sdk/client-sso-oidc': 3.332.0
      '@aws-sdk/property-provider': 3.329.0
      '@aws-sdk/shared-ini-file-loader': 3.329.0
      '@aws-sdk/types': 3.329.0
      tslib: 2.5.0
    transitivePeerDependencies:
      - aws-crt
    dev: true

  /@aws-sdk/types@3.329.0:
    resolution: {integrity: sha512-wFBW4yciDfzQBSFmWNaEvHShnSGLMxSu9Lls6EUf6xDMavxSB36bsrVRX6CyAo/W0NeIIyEOW1LclGPgJV1okg==}
    engines: {node: '>=14.0.0'}
    dependencies:
      tslib: 2.5.0
    dev: true

  /@aws-sdk/url-parser@3.329.0:
    resolution: {integrity: sha512-/VcfL7vNJKJGSjYYHVQF3bYCDFs4fSzB7j5qeVDwRdWr870gE7O1Dar+sLWBRKFF3AX+4VzplqzUfpu9t44JVA==}
    dependencies:
      '@aws-sdk/querystring-parser': 3.329.0
      '@aws-sdk/types': 3.329.0
      tslib: 2.5.0
    dev: true

  /@aws-sdk/util-base64@3.310.0:
    resolution: {integrity: sha512-v3+HBKQvqgdzcbL+pFswlx5HQsd9L6ZTlyPVL2LS9nNXnCcR3XgGz9jRskikRUuUvUXtkSG1J88GAOnJ/apTPg==}
    engines: {node: '>=14.0.0'}
    dependencies:
      '@aws-sdk/util-buffer-from': 3.310.0
      tslib: 2.5.0
    dev: true

  /@aws-sdk/util-body-length-browser@3.310.0:
    resolution: {integrity: sha512-sxsC3lPBGfpHtNTUoGXMQXLwjmR0zVpx0rSvzTPAuoVILVsp5AU/w5FphNPxD5OVIjNbZv9KsKTuvNTiZjDp9g==}
    dependencies:
      tslib: 2.5.0
    dev: true

  /@aws-sdk/util-body-length-node@3.310.0:
    resolution: {integrity: sha512-2tqGXdyKhyA6w4zz7UPoS8Ip+7sayOg9BwHNidiGm2ikbDxm1YrCfYXvCBdwaJxa4hJfRVz+aL9e+d3GqPI9pQ==}
    engines: {node: '>=14.0.0'}
    dependencies:
      tslib: 2.5.0
    dev: true

  /@aws-sdk/util-buffer-from@3.310.0:
    resolution: {integrity: sha512-i6LVeXFtGih5Zs8enLrt+ExXY92QV25jtEnTKHsmlFqFAuL3VBeod6boeMXkN2p9lbSVVQ1sAOOYZOHYbYkntw==}
    engines: {node: '>=14.0.0'}
    dependencies:
      '@aws-sdk/is-array-buffer': 3.310.0
      tslib: 2.5.0
    dev: true

  /@aws-sdk/util-config-provider@3.310.0:
    resolution: {integrity: sha512-xIBaYo8dwiojCw8vnUcIL4Z5tyfb1v3yjqyJKJWV/dqKUFOOS0U591plmXbM+M/QkXyML3ypon1f8+BoaDExrg==}
    engines: {node: '>=14.0.0'}
    dependencies:
      tslib: 2.5.0
    dev: true

  /@aws-sdk/util-defaults-mode-browser@3.329.0:
    resolution: {integrity: sha512-2iSiy/pzX3OXMhtSxtAzOiEFr3viQEFnYOTeZuiheuyS+cea2L79F6SlZ1110b/nOIU/UOrxxtz83HVad8YFMQ==}
    engines: {node: '>= 10.0.0'}
    dependencies:
      '@aws-sdk/property-provider': 3.329.0
      '@aws-sdk/types': 3.329.0
      bowser: 2.11.0
      tslib: 2.5.0
    dev: true

  /@aws-sdk/util-defaults-mode-node@3.329.0:
    resolution: {integrity: sha512-7A6C7YKjkZtmKtH29isYEtOCbhd7IcXPP8lftN8WAWlLOiZE4gV7PHveagUj7QserJzgRKGwwTQbBj53n18HYg==}
    engines: {node: '>= 10.0.0'}
    dependencies:
      '@aws-sdk/config-resolver': 3.329.0
      '@aws-sdk/credential-provider-imds': 3.329.0
      '@aws-sdk/node-config-provider': 3.329.0
      '@aws-sdk/property-provider': 3.329.0
      '@aws-sdk/types': 3.329.0
      tslib: 2.5.0
    dev: true

  /@aws-sdk/util-endpoints@3.332.0:
    resolution: {integrity: sha512-nQx7AiOroMU2hj6h+umWOSZ+WECwxupaxFUK/PPKGW6NY/VdQE6LluYnXOtF5awlr8w1nPksT0Lq05PZutMDLA==}
    engines: {node: '>=14.0.0'}
    dependencies:
      '@aws-sdk/types': 3.329.0
      tslib: 2.5.0
    dev: true

  /@aws-sdk/util-format-url@3.329.0:
    resolution: {integrity: sha512-FMokjI10Vzpfb+jeJ0y6TnutPcyessdEz6aKMwn5Ee8etnHaEVDXf5tp8bPZ5ii5WRWwgNNrAa+IkJ2KH4E43g==}
    engines: {node: '>=14.0.0'}
    dependencies:
      '@aws-sdk/querystring-builder': 3.329.0
      '@aws-sdk/types': 3.329.0
      tslib: 2.5.0
    dev: true

  /@aws-sdk/util-hex-encoding@3.310.0:
    resolution: {integrity: sha512-sVN7mcCCDSJ67pI1ZMtk84SKGqyix6/0A1Ab163YKn+lFBQRMKexleZzpYzNGxYzmQS6VanP/cfU7NiLQOaSfA==}
    engines: {node: '>=14.0.0'}
    dependencies:
      tslib: 2.5.0
    dev: true

  /@aws-sdk/util-locate-window@3.310.0:
    resolution: {integrity: sha512-qo2t/vBTnoXpjKxlsC2e1gBrRm80M3bId27r0BRB2VniSSe7bL1mmzM+/HFtujm0iAxtPM+aLEflLJlJeDPg0w==}
    engines: {node: '>=14.0.0'}
    dependencies:
      tslib: 2.5.0
    dev: true

  /@aws-sdk/util-middleware@3.329.0:
    resolution: {integrity: sha512-RhBOBaxzkTUghi4MSqr8S5qeeBCjgJ0XPJ6jIYkVkj1saCmqkuZCgl3zFaYdyhdxxPV6nflkFer+1HUoqT+Fqw==}
    engines: {node: '>=14.0.0'}
    dependencies:
      tslib: 2.5.0
    dev: true

  /@aws-sdk/util-retry@3.329.0:
    resolution: {integrity: sha512-+3VQ9HZLinysnmryUs9Xjt1YVh4TYYHLt30ilu4iUnIHFQoamdzIbRCWseSVFPCxGroen9M9qmAleAsytHEKuA==}
    engines: {node: '>= 14.0.0'}
    dependencies:
      '@aws-sdk/service-error-classification': 3.329.0
      tslib: 2.5.0
    dev: true

  /@aws-sdk/util-uri-escape@3.310.0:
    resolution: {integrity: sha512-drzt+aB2qo2LgtDoiy/3sVG8w63cgLkqFIa2NFlGpUgHFWTXkqtbgf4L5QdjRGKWhmZsnqkbtL7vkSWEcYDJ4Q==}
    engines: {node: '>=14.0.0'}
    dependencies:
      tslib: 2.5.0
    dev: true

  /@aws-sdk/util-user-agent-browser@3.329.0:
    resolution: {integrity: sha512-8hLSmMCl8aw2++0Zuba8ELq8FkK6/VNyx470St201IpMn2GMbQMDl/rLolRKiTgji6wc+T3pOTidkJkz8/cIXA==}
    dependencies:
      '@aws-sdk/types': 3.329.0
      bowser: 2.11.0
      tslib: 2.5.0
    dev: true

  /@aws-sdk/util-user-agent-node@3.329.0:
    resolution: {integrity: sha512-C50Zaeodc0+psEP+L4WpElrH8epuLWJPVN4hDOTORcM0cSoU2o025Ost9mbcU7UdoHNxF9vitLnzORGN9SHolg==}
    engines: {node: '>=14.0.0'}
    peerDependencies:
      aws-crt: '>=1.0.0'
    peerDependenciesMeta:
      aws-crt:
        optional: true
    dependencies:
      '@aws-sdk/node-config-provider': 3.329.0
      '@aws-sdk/types': 3.329.0
      tslib: 2.5.0
    dev: true

  /@aws-sdk/util-utf8-browser@3.259.0:
    resolution: {integrity: sha512-UvFa/vR+e19XookZF8RzFZBrw2EUkQWxiBW0yYQAhvk3C+QVGl0H3ouca8LDBlBfQKXwmW3huo/59H8rwb1wJw==}
    dependencies:
      tslib: 2.5.0
    dev: true

  /@aws-sdk/util-utf8@3.310.0:
    resolution: {integrity: sha512-DnLfFT8uCO22uOJc0pt0DsSNau1GTisngBCDw8jQuWT5CqogMJu4b/uXmwEqfj8B3GX6Xsz8zOd6JpRlPftQoA==}
    engines: {node: '>=14.0.0'}
    dependencies:
      '@aws-sdk/util-buffer-from': 3.310.0
      tslib: 2.5.0
    dev: true

  /@aws-sdk/util-waiter@3.329.0:
    resolution: {integrity: sha512-MIGs7snNL0ZV55zo1BDVPlrmbinUGV3260hp6HrW4zUbpYVoeIOGeewtrwAsF6FJ+vpZCxljPBB0X2jYR7Q7ZQ==}
    engines: {node: '>=14.0.0'}
    dependencies:
      '@aws-sdk/abort-controller': 3.329.0
      '@aws-sdk/types': 3.329.0
      tslib: 2.5.0
    dev: true

  /@cspotcode/source-map-support@0.8.1:
    resolution: {integrity: sha512-IchNf6dN4tHoMFIn/7OE8LWZ19Y6q/67Bmf6vnGREv8RSbBVb9LPJxEcnwrcwX6ixSvaiGoomAUvu4YSxXrVgw==}
    engines: {node: '>=12'}
    dependencies:
      '@jridgewell/trace-mapping': 0.3.9
    dev: true

  /@jridgewell/resolve-uri@3.1.1:
    resolution: {integrity: sha512-dSYZh7HhCDtCKm4QakX0xFpsRDqjjtZf/kjI/v3T3Nwt5r8/qz/M19F9ySyOqU94SXBmeG9ttTul+YnR4LOxFA==}
    engines: {node: '>=6.0.0'}
    dev: true

  /@jridgewell/sourcemap-codec@1.4.15:
    resolution: {integrity: sha512-eF2rxCRulEKXHTRiDrDy6erMYWqNw4LPdQ8UQA4huuxaQsVeRPFl2oM8oDGxMFhJUWZf9McpLtJasDDZb/Bpeg==}
    dev: true

  /@jridgewell/trace-mapping@0.3.9:
    resolution: {integrity: sha512-3Belt6tdc8bPgAtbcmdtNJlirVoTmEb5e2gC94PnkwEW9jI6CAHUeoG85tjWP5WquqfavoMtMwiG4P926ZKKuQ==}
    dependencies:
      '@jridgewell/resolve-uri': 3.1.1
      '@jridgewell/sourcemap-codec': 1.4.15
    dev: true

  /@tsconfig/node10@1.0.9:
    resolution: {integrity: sha512-jNsYVVxU8v5g43Erja32laIDHXeoNvFEpX33OK4d6hljo3jDhCBDhx5dhCCTMWUojscpAagGiRkBKxpdl9fxqA==}
    dev: true

  /@tsconfig/node12@1.0.11:
    resolution: {integrity: sha512-cqefuRsh12pWyGsIoBKJA9luFu3mRxCA+ORZvA4ktLSzIuCUtWVxGIuXigEwO5/ywWFMZ2QEGKWvkZG1zDMTag==}
    dev: true

  /@tsconfig/node14@1.0.3:
    resolution: {integrity: sha512-ysT8mhdixWK6Hw3i1V2AeRqZ5WfXg1G43mqoYlM2nc6388Fq5jcXyr5mRsqViLx/GJYdoL0bfXD8nmF+Zn/Iow==}
    dev: true

  /@tsconfig/node16@1.0.4:
    resolution: {integrity: sha512-vxhUy4J8lyeyinH7Azl1pdd43GJhZH/tP2weN8TntQblOY+A0XbT8DJk1/oCPuOOyg/Ja757rG0CgHcWC8OfMA==}
    dev: true

  /@types/fs-extra@11.0.1:
    resolution: {integrity: sha512-MxObHvNl4A69ofaTRU8DFqvgzzv8s9yRtaPPm5gud9HDNvpB3GPQFvNuTWAI59B9huVGV5jXYJwbCsmBsOGYWA==}
    dependencies:
      '@types/jsonfile': 6.1.1
      '@types/node': 18.14.4
    dev: true

  /@types/jsonfile@6.1.1:
    resolution: {integrity: sha512-GSgiRCVeapDN+3pqA35IkQwasaCh/0YFH5dEF6S88iDvEn901DjOeH3/QPY+XYP1DFzDZPvIvfeEgk+7br5png==}
    dependencies:
      '@types/node': 18.14.4
    dev: true

  /@types/node@18.14.4:
    resolution: {integrity: sha512-VhCw7I7qO2X49+jaKcAUwi3rR+hbxT5VcYF493+Z5kMLI0DL568b7JI4IDJaxWFH0D/xwmGJNoXisyX+w7GH/g==}
    dev: true

  /acorn-walk@8.2.0:
    resolution: {integrity: sha512-k+iyHEuPgSw6SbuDpGQM+06HQUa04DZ3o+F6CSzXMvvI5KMvnaEqXe+YVe555R9nn6GPt404fos4wcgpw12SDA==}
    engines: {node: '>=0.4.0'}
    dev: true

  /acorn@8.8.2:
    resolution: {integrity: sha512-xjIYgE8HBrkpd/sJqOGNspf8uHG+NOHGOw6a/Urj8taM2EXfdNAH2oFcPeIFfsv3+kz/mJrS5VuMqbNLjCa2vw==}
    engines: {node: '>=0.4.0'}
    hasBin: true
    dev: true

  /arg@4.1.3:
    resolution: {integrity: sha512-58S9QDqG0Xx27YwPSt9fJxivjYl432YCwfDMfZ+71RAqUrZef7LrKQZ3LHLOwCS4FLNBplP533Zx895SeOCHvA==}
    dev: true

  /bowser@2.11.0:
    resolution: {integrity: sha512-AlcaJBi/pqqJBIQ8U9Mcpc9i8Aqxn88Skv5d+xBX006BY5u8N3mGLHa5Lgppa7L/HfwgwLgZ6NYs+Ag6uUmJRA==}
    dev: true

  /create-require@1.1.1:
    resolution: {integrity: sha512-dcKFX3jn0MpIaXjisoRvexIJVEKzaq7z2rZKxf+MSr9TkdmHmsU4m2lcLojrj/FHl8mk5VxMmYA+ftRkP/3oKQ==}
    dev: true

  /diff@4.0.2:
    resolution: {integrity: sha512-58lmxKSA4BNyLz+HHMUzlOEpg09FV+ev6ZMe3vJihgdxzgcwZ8VoEEPmALCZG9LmqfVoNMMKpttIYTVG6uDY7A==}
    engines: {node: '>=0.3.1'}
    dev: true

  /dotenv@16.0.3:
    resolution: {integrity: sha512-7GO6HghkA5fYG9TYnNxi14/7K9f5occMlp3zXAuSxn7CKCxt9xbNWG7yF8hTCSUchlfWSe3uLmlPfigevRItzQ==}
    engines: {node: '>=12'}
    dev: true

  /fast-xml-parser@4.1.2:
    resolution: {integrity: sha512-CDYeykkle1LiA/uqQyNwYpFbyF6Axec6YapmpUP+/RHWIoR1zKjocdvNaTsxCxZzQ6v9MLXaSYm9Qq0thv0DHg==}
    hasBin: true
    dependencies:
      strnum: 1.0.5
    dev: true

  /fs-extra@11.1.0:
    resolution: {integrity: sha512-0rcTq621PD5jM/e0a3EJoGC/1TC5ZBCERW82LQuwfGnCa1V8w7dpYH1yNu+SLb6E5dkeCBzKEyLGlFrnr+dUyw==}
    engines: {node: '>=14.14'}
    dependencies:
      graceful-fs: 4.2.11
      jsonfile: 6.1.0
      universalify: 2.0.0
    dev: true

  /graceful-fs@4.2.11:
    resolution: {integrity: sha512-RbJ5/jmFcNNCcDV5o9eTnBLJ/HszWV0P73bc+Ff4nS/rJj+YaS6IGyiOL0VoBYX+l1Wrl3k63h/KrH+nhJ0XvQ==}
    dev: true

  /jsonfile@6.1.0:
    resolution: {integrity: sha512-5dgndWOriYSm5cnYaJNhalLNDKOqFwyDB/rr1E9ZsGciGvKPs8R2xYGCacuf3z6K1YKDz182fd+fY3cn3pMqXQ==}
    dependencies:
      universalify: 2.0.0
    optionalDependencies:
      graceful-fs: 4.2.11
    dev: true

  /make-error@1.3.6:
    resolution: {integrity: sha512-s8UhlNe7vPKomQhC1qFelMokr/Sc3AgNbso3n74mVPA5LTZwkB9NlXf4XPamLxJE8h0gh73rM94xvwRT2CVInw==}
    dev: true

  /strnum@1.0.5:
    resolution: {integrity: sha512-J8bbNyKKXl5qYcR36TIO8W3mVGVHrmmxsd5PAItGkmyzwJvybiw2IVq5nqd0i4LSNSkB/sx9VHllbfFdr9k1JA==}
    dev: true

  /ts-node@10.9.1(@types/node@18.14.4)(typescript@4.9.5):
    resolution: {integrity: sha512-NtVysVPkxxrwFGUUxGYhfux8k78pQB3JqYBXlLRZgdGUqTO5wU/UyHop5p70iEbGhB7q5KmiZiU0Y3KlJrScEw==}
    hasBin: true
    peerDependencies:
      '@swc/core': '>=1.2.50'
      '@swc/wasm': '>=1.2.50'
      '@types/node': '*'
      typescript: '>=2.7'
    peerDependenciesMeta:
      '@swc/core':
        optional: true
      '@swc/wasm':
        optional: true
    dependencies:
      '@cspotcode/source-map-support': 0.8.1
      '@tsconfig/node10': 1.0.9
      '@tsconfig/node12': 1.0.11
      '@tsconfig/node14': 1.0.3
      '@tsconfig/node16': 1.0.4
      '@types/node': 18.14.4
      acorn: 8.8.2
      acorn-walk: 8.2.0
      arg: 4.1.3
      create-require: 1.1.1
      diff: 4.0.2
      make-error: 1.3.6
      typescript: 4.9.5
      v8-compile-cache-lib: 3.0.1
      yn: 3.1.1
    dev: true

  /tslib@1.14.1:
    resolution: {integrity: sha512-Xni35NKzjgMrwevysHTCArtLDpPvye8zV/0E4EyYn43P7/7qvQwPh9BGkHewbMulVntbigmcT7rdX3BNo9wRJg==}
    dev: true

  /tslib@2.5.0:
    resolution: {integrity: sha512-336iVw3rtn2BUK7ORdIAHTyxHGRIHVReokCR3XjbckJMK7ms8FysBfhLR8IXnAgy7T0PTPNBWKiH514FOW/WSg==}
    dev: true

  /typescript@4.9.5:
    resolution: {integrity: sha512-1FXk9E2Hm+QzZQ7z+McJiHL4NW1F2EzMu9Nq9i3zAaGqibafqYwCVU6WyWAuyQRRzOlxou8xZSyXLEN8oKj24g==}
    engines: {node: '>=4.2.0'}
    hasBin: true
    dev: true

  /universalify@2.0.0:
    resolution: {integrity: sha512-hAZsKq7Yy11Zu1DE0OzWjw7nnLZmJZYTDZZyEFHZdUhV8FkH5MCfoU1XMaxXovpyW5nq5scPqq0ZDP9Zyl04oQ==}
    engines: {node: '>= 10.0.0'}
    dev: true

  /uuid@8.3.2:
    resolution: {integrity: sha512-+NYs2QeMWy+GWFOEm9xnn6HCDp0l7QBD7ml8zLUmJ+93Q5NF0NocErnwkTkXVFNiX3/fpC6afS8Dhb/gz7R7eg==}
    hasBin: true
    dev: true

  /v8-compile-cache-lib@3.0.1:
    resolution: {integrity: sha512-wa7YjyUGfNZngI/vtK0UHAN+lgDCxBPCylVXGp0zu59Fz5aiGtNXaq3DhIov063MorB+VfufLh3JlF2KdTK3xg==}
    dev: true

  /yn@3.1.1:
    resolution: {integrity: sha512-Ux4ygGWsu2c7isFWe8Yu1YluJmqVhxqK2cLXNQA5AcC3QfbGNpM7fu0Y8b/z16pXLnFxZYvWhd3fhBY9DLmC6Q==}
    engines: {node: '>=6'}
    dev: true
